[[package]]
name = "autopep8"
version = "2.0.0"
description = "A tool that automatically formats Python code to conform to the PEP 8 style guide"
category = "dev"
optional = false
python-versions = "*"

[package.dependencies]
pycodestyle = ">=2.9.1"
tomli = "*"

[[package]]
name = "line-profiler"
version = "4.0.2"
description = "Line-by-line profiler"
category = "main"
optional = false
python-versions = ">=3.6"

[package.extras]
all = ["Cython", "IPython", "IPython", "cibuildwheel", "cibuildwheel", "cibuildwheel", "cibuildwheel", "cibuildwheel", "cibuildwheel", "cmake", "coverage[toml]", "ninja", "pytest", "pytest-cov", "scikit-build", "ubelt"]
all-strict = ["Cython (==3.0.0a11)", "IPython (==0.13)", "IPython (==0.13)", "cibuildwheel (==2.11.2)", "cibuildwheel (==2.11.2)", "cibuildwheel (==2.11.2)", "cibuildwheel (==2.11.2)", "cibuildwheel (==2.11.2)", "cibuildwheel (==2.8.1)", "cmake (==3.21.2)", "coverage[toml] (==5.3)", "ninja (==1.10.2)", "pytest (==4.6.11)", "pytest-cov (==2.10.1)", "scikit-build (==0.11.1)", "ubelt (==1.0.1)"]
build = ["Cython", "cibuildwheel", "cibuildwheel", "cibuildwheel", "cibuildwheel", "cibuildwheel", "cibuildwheel", "cmake", "ninja", "scikit-build"]
build-strict = ["Cython (==3.0.0a11)", "cibuildwheel (==2.11.2)", "cibuildwheel (==2.11.2)", "cibuildwheel (==2.11.2)", "cibuildwheel (==2.11.2)", "cibuildwheel (==2.11.2)", "cibuildwheel (==2.8.1)", "cmake (==3.21.2)", "ninja (==1.10.2)", "scikit-build (==0.11.1)"]
ipython = ["IPython", "IPython"]
ipython-strict = ["IPython (==0.13)", "IPython (==0.13)"]
tests = ["IPython", "IPython", "coverage[toml]", "pytest", "pytest-cov", "ubelt"]
tests-strict = ["IPython (==0.13)", "IPython (==0.13)", "coverage[toml] (==5.3)", "pytest (==4.6.11)", "pytest-cov (==2.10.1)", "ubelt (==1.0.1)"]

[[package]]
name = "mypy"
version = "0.991"
description = "Optional static typing for Python"
category = "dev"
optional = false
python-versions = ">=3.7"

[package.dependencies]
mypy-extensions = ">=0.4.3"
tomli = {version = ">=1.1.0", markers = "python_version < \"3.11\""}
typing-extensions = ">=3.10"

[package.extras]
dmypy = ["psutil (>=4.0)"]
install-types = ["pip"]
python2 = ["typed-ast (>=1.4.0,<2)"]
reports = ["lxml"]

[[package]]
name = "mypy-extensions"
version = "0.4.3"
description = "Experimental type system extensions for programs checked with the mypy typechecker."
category = "dev"
optional = false
python-versions = "*"

[[package]]
name = "pycodestyle"
version = "2.10.0"
description = "Python style guide checker"
category = "dev"
optional = false
python-versions = ">=3.6"

[[package]]
name = "tomli"
version = "2.0.1"
description = "A lil' TOML parser"
category = "dev"
optional = false
python-versions = ">=3.7"

[[package]]
name = "typing-extensions"
version = "4.4.0"
description = "Backported and Experimental Type Hints for Python 3.7+"
category = "dev"
optional = false
python-versions = ">=3.7"

[metadata]
lock-version = "1.1"
python-versions = "^3.10"
content-hash = "2e7bf5fa916eaaada9c741183f041430441bfe4c5eb1a8017553944e92a8326e"

[metadata.files]
autopep8 = [
    {file = "autopep8-2.0.0-py2.py3-none-any.whl", hash = "sha256:ad924b42c2e27a1ac58e432166cc4588f5b80747de02d0d35b1ecbd3e7d57207"},
    {file = "autopep8-2.0.0.tar.gz", hash = "sha256:8b1659c7f003e693199f52caffdc06585bb0716900bbc6a7442fd931d658c077"},
]
line-profiler = [
    {file = "line_profiler-4.0.2-cp310-cp310-macosx_10_9_x86_64.whl", hash = "sha256:0de5f977c6387e1a9799fdb09e62707e28d9e7be2911ac1fa8132e19dbf2e4ac"},
    {file = "line_profiler-4.0.2-cp310-cp310-manylinux_2_17_i686.manylinux2014_i686.whl", hash = "sha256:967a31032dbc7345b936fc516de59ab92b43913bf9a3a81b4888329f16665222"},
    {file = "line_profiler-4.0.2-cp310-cp310-manylinux_2_17_x86_64.manylinux2014_x86_64.whl", hash = "sha256:3ba3d088b17a9c902e95c0cb23017f1df1356e33e5b01a4f65c2cba710b78c17"},
    {file = "line_profiler-4.0.2-cp310-cp310-musllinux_1_1_i686.whl", hash = "sha256:5978f48e47328df82d5f3959ba03b1d099c927d4c4bd1ea65bcdd7960af506d6"},
    {file = "line_profiler-4.0.2-cp310-cp310-musllinux_1_1_x86_64.whl", hash = "sha256:3ceefb2443504021d3b509a25af2c1232d9866bf0022e97e248fce492e7c2ca7"},
    {file = "line_profiler-4.0.2-cp310-cp310-win32.whl", hash = "sha256:38218ffb3a7140843615aa3ba2f90dc0a61d1ebb4b8734ed4e66b9f5386c5811"},
    {file = "line_profiler-4.0.2-cp310-cp310-win_amd64.whl", hash = "sha256:1c45d54f8fbeb95016cd83e3e6ee3ae0746b05da612b4d3b2d7600dd3bdf5cee"},
    {file = "line_profiler-4.0.2-cp311-cp311-macosx_10_9_x86_64.whl", hash = "sha256:76b4778bbafc12ba44846622a083a7a2e2a0214d63bb37478bd42b0a2f226c0c"},
    {file = "line_profiler-4.0.2-cp311-cp311-manylinux_2_17_i686.manylinux2014_i686.whl", hash = "sha256:5b18e84e5d5245337bd157989a1d6d79c08f402caaeb73fe020d927f0cd1cab0"},
    {file = "line_profiler-4.0.2-cp311-cp311-manylinux_2_17_x86_64.manylinux2014_x86_64.whl", hash = "sha256:d78ef5527b00c849e4edb42012c4bb036776b46b24ddd64ba4c49f02e79a4fc3"},
    {file = "line_profiler-4.0.2-cp311-cp311-musllinux_1_1_i686.whl", hash = "sha256:784e1af0901fffcfc5e4172b0eeb4753475d7493aa10898e7742598bd37afa64"},
    {file = "line_profiler-4.0.2-cp311-cp311-musllinux_1_1_x86_64.whl", hash = "sha256:657e5638e2b14140f720a296ae0e5404a3ec3b57f8993de38b8b8d4d364ad232"},
    {file = "line_profiler-4.0.2-cp311-cp311-win32.whl", hash = "sha256:1ea823094d3fa4c19bda80f97e23c8968f0de0a26ce0292f940b351886d0006c"},
    {file = "line_profiler-4.0.2-cp311-cp311-win_amd64.whl", hash = "sha256:c4be7c7f6995af1b4c98fc7d64910389e139052f04502f75195a8eb783b6c3da"},
    {file = "line_profiler-4.0.2-cp36-cp36m-macosx_10_9_x86_64.whl", hash = "sha256:6f78d3b7055694e0a375bd2f7ff96c96479beea8ee500e4e4a1e0e8339b46280"},
    {file = "line_profiler-4.0.2-cp36-cp36m-manylinux_2_17_i686.manylinux2014_i686.whl", hash = "sha256:9caea9600d5a6bfd5b3d8833afb3f1866f8a22f0839d1f17c6fcf5e87edea6fa"},
    {file = "line_profiler-4.0.2-cp36-cp36m-manylinux_2_17_x86_64.manylinux2014_x86_64.whl", hash = "sha256:f3765aed8434623797b135bdf41239957ca386ffcce4d7f8e5f639757673aa01"},
    {file = "line_profiler-4.0.2-cp36-cp36m-musllinux_1_1_i686.whl", hash = "sha256:803c926aaebc036d6af6f3c428fc5e5eb07d0708a86563b31c5efc170ba55a63"},
    {file = "line_profiler-4.0.2-cp36-cp36m-musllinux_1_1_x86_64.whl", hash = "sha256:dc25a5483711e9f106cc7820027b0df5adedec4473e492d2d37f95d76aca1b41"},
    {file = "line_profiler-4.0.2-cp36-cp36m-win32.whl", hash = "sha256:0cd9e0679e14fa79efcbd23e50027ea7b91dbd73b3f563556be450acedda0dd2"},
    {file = "line_profiler-4.0.2-cp36-cp36m-win_amd64.whl", hash = "sha256:3dd66972da651cb48acff95cb5e953c1bbb8d15b84e8d2f03b24c132c2618d1b"},
    {file = "line_profiler-4.0.2-cp37-cp37m-macosx_10_9_x86_64.whl", hash = "sha256:518818bea6ff084ffffe1e7f65d345f389259a5d2b12ed4d75b9a62b79ac3268"},
    {file = "line_profiler-4.0.2-cp37-cp37m-manylinux_2_17_i686.manylinux2014_i686.whl", hash = "sha256:d6eb20bbc089d166523349af733e8670dde4a94ca4a9eb4a44081f4bc0365552"},
    {file = "line_profiler-4.0.2-cp37-cp37m-manylinux_2_17_x86_64.manylinux2014_x86_64.whl", hash = "sha256:7d2dcffabf9794678a709888684541f39b3b6ff2b1fd06365df5a56578f73973"},
    {file = "line_profiler-4.0.2-cp37-cp37m-musllinux_1_1_i686.whl", hash = "sha256:f3f8d91b6e8a86790436713a5853aa57718fe378796d452619531cabb54ae8eb"},
    {file = "line_profiler-4.0.2-cp37-cp37m-musllinux_1_1_x86_64.whl", hash = "sha256:541a5798c1debc6be52090e26096c6a9faf8c9e6608f49d1b7fc6ddba1a16dea"},
    {file = "line_profiler-4.0.2-cp37-cp37m-win32.whl", hash = "sha256:4904d263a16e8561ad312b7fa97f19cbf730c4d053c7535b9ea7674a7b2002c9"},
    {file = "line_profiler-4.0.2-cp37-cp37m-win_amd64.whl", hash = "sha256:6970818772e69215734221226a3a94cf1dc5cfc63e700694a42c998b5b2ce22d"},
    {file = "line_profiler-4.0.2-cp38-cp38-macosx_10_9_x86_64.whl", hash = "sha256:7c9585da4003666167373ac219cdaeeaecafa3f8e16ced302e05f3da3956cffc"},
    {file = "line_profiler-4.0.2-cp38-cp38-manylinux_2_17_i686.manylinux2014_i686.whl", hash = "sha256:14e9e17e7462325a9f8334815294ac6a319ffa471db0b3c85affd2eeb72f4ab0"},
    {file = "line_profiler-4.0.2-cp38-cp38-manylinux_2_17_x86_64.manylinux2014_x86_64.whl", hash = "sha256:37a03c75f478d132555f79216966cea7c5038d3e76311a209cb85d3a2c109c6d"},
    {file = "line_profiler-4.0.2-cp38-cp38-musllinux_1_1_i686.whl", hash = "sha256:224dff75befa6589673efd11cbb23b5de9086c075eae37aa03d9a426d6b00aac"},
    {file = "line_profiler-4.0.2-cp38-cp38-musllinux_1_1_x86_64.whl", hash = "sha256:930e47bf506cbaeaafd0333289236b0ade553c2bfe11ac09ae276a92813b60a3"},
    {file = "line_profiler-4.0.2-cp38-cp38-win32.whl", hash = "sha256:53c4dd01c8f6066db200edb9b99fd6038dcf5582588d0a90c8747713e1cc9cce"},
    {file = "line_profiler-4.0.2-cp38-cp38-win_amd64.whl", hash = "sha256:90a957e45bbc15a261d866f5ab46092f61fd7a025701820309ef04f18cdaaf4c"},
    {file = "line_profiler-4.0.2-cp39-cp39-macosx_10_9_x86_64.whl", hash = "sha256:99e7e78ad515d2f9e70d2536e403c2c26b3990a21ebb070296b22b14e709f1f2"},
    {file = "line_profiler-4.0.2-cp39-cp39-manylinux_2_17_i686.manylinux2014_i686.whl", hash = "sha256:d715e31962e84100ff3d09caec5a26e940b31675020cee55608be62a236dffc6"},
    {file = "line_profiler-4.0.2-cp39-cp39-manylinux_2_17_x86_64.manylinux2014_x86_64.whl", hash = "sha256:ac262bd6d87dbdd4959941a699131e4f4daeb03f308eb785775dd61e52a272f1"},
    {file = "line_profiler-4.0.2-cp39-cp39-musllinux_1_1_i686.whl", hash = "sha256:1a6aa784790a299676409420f1707d6c72456703499503f283fa62106549b928"},
    {file = "line_profiler-4.0.2-cp39-cp39-musllinux_1_1_x86_64.whl", hash = "sha256:3b3ffca66ee09fd6c2b1b31336b8510c1142d9f5bd3397fa38ee0648af6272d9"},
    {file = "line_profiler-4.0.2-cp39-cp39-win32.whl", hash = "sha256:c3df5fb8a2a2c9b43498f3214cbac871fa7303572c19fe8157f2d95986fc9c4b"},
    {file = "line_profiler-4.0.2-cp39-cp39-win_amd64.whl", hash = "sha256:b1f0a6e00d24a1064ee4fbe3ae62406e71b11065aab7aa448c1242035125e74e"},
    {file = "line_profiler-4.0.2.tar.gz", hash = "sha256:25e8c9d4248dc48905801851ff8a75b9c74827a0871d118d1104d8e43d7fb0fc"},
]
mypy = [
    {file = "mypy-0.991-cp310-cp310-macosx_10_9_universal2.whl", hash = "sha256:7d17e0a9707d0772f4a7b878f04b4fd11f6f5bcb9b3813975a9b13c9332153ab"},
    {file = "mypy-0.991-cp310-cp310-macosx_10_9_x86_64.whl", hash = "sha256:0714258640194d75677e86c786e80ccf294972cc76885d3ebbb560f11db0003d"},
    {file = "mypy-0.991-cp310-cp310-macosx_11_0_arm64.whl", hash = "sha256:0c8f3be99e8a8bd403caa8c03be619544bc2c77a7093685dcf308c6b109426c6"},
    {file = "mypy-0.991-cp310-cp310-manylinux_2_17_x86_64.manylinux2014_x86_64.whl", hash = "sha256:bc9ec663ed6c8f15f4ae9d3c04c989b744436c16d26580eaa760ae9dd5d662eb"},
    {file = "mypy-0.991-cp310-cp310-musllinux_1_1_x86_64.whl", hash = "sha256:4307270436fd7694b41f913eb09210faff27ea4979ecbcd849e57d2da2f65305"},
    {file = "mypy-0.991-cp310-cp310-win_amd64.whl", hash = "sha256:901c2c269c616e6cb0998b33d4adbb4a6af0ac4ce5cd078afd7bc95830e62c1c"},
    {file = "mypy-0.991-cp311-cp311-macosx_10_9_universal2.whl", hash = "sha256:d13674f3fb73805ba0c45eb6c0c3053d218aa1f7abead6e446d474529aafc372"},
    {file = "mypy-0.991-cp311-cp311-macosx_10_9_x86_64.whl", hash = "sha256:1c8cd4fb70e8584ca1ed5805cbc7c017a3d1a29fb450621089ffed3e99d1857f"},
    {file = "mypy-0.991-cp311-cp311-macosx_11_0_arm64.whl", hash = "sha256:209ee89fbb0deed518605edddd234af80506aec932ad28d73c08f1400ef80a33"},
    {file = "mypy-0.991-cp311-cp311-manylinux_2_17_x86_64.manylinux2014_x86_64.whl", hash = "sha256:37bd02ebf9d10e05b00d71302d2c2e6ca333e6c2a8584a98c00e038db8121f05"},
    {file = "mypy-0.991-cp311-cp311-musllinux_1_1_x86_64.whl", hash = "sha256:26efb2fcc6b67e4d5a55561f39176821d2adf88f2745ddc72751b7890f3194ad"},
    {file = "mypy-0.991-cp311-cp311-win_amd64.whl", hash = "sha256:3a700330b567114b673cf8ee7388e949f843b356a73b5ab22dd7cff4742a5297"},
    {file = "mypy-0.991-cp37-cp37m-macosx_10_9_x86_64.whl", hash = "sha256:1f7d1a520373e2272b10796c3ff721ea1a0712288cafaa95931e66aa15798813"},
    {file = "mypy-0.991-cp37-cp37m-manylinux_2_17_x86_64.manylinux2014_x86_64.whl", hash = "sha256:641411733b127c3e0dab94c45af15fea99e4468f99ac88b39efb1ad677da5711"},
    {file = "mypy-0.991-cp37-cp37m-musllinux_1_1_x86_64.whl", hash = "sha256:3d80e36b7d7a9259b740be6d8d906221789b0d836201af4234093cae89ced0cd"},
    {file = "mypy-0.991-cp37-cp37m-win_amd64.whl", hash = "sha256:e62ebaad93be3ad1a828a11e90f0e76f15449371ffeecca4a0a0b9adc99abcef"},
    {file = "mypy-0.991-cp38-cp38-macosx_10_9_universal2.whl", hash = "sha256:b86ce2c1866a748c0f6faca5232059f881cda6dda2a893b9a8373353cfe3715a"},
    {file = "mypy-0.991-cp38-cp38-macosx_10_9_x86_64.whl", hash = "sha256:ac6e503823143464538efda0e8e356d871557ef60ccd38f8824a4257acc18d93"},
    {file = "mypy-0.991-cp38-cp38-macosx_11_0_arm64.whl", hash = "sha256:0cca5adf694af539aeaa6ac633a7afe9bbd760df9d31be55ab780b77ab5ae8bf"},
    {file = "mypy-0.991-cp38-cp38-manylinux_2_17_x86_64.manylinux2014_x86_64.whl", hash = "sha256:a12c56bf73cdab116df96e4ff39610b92a348cc99a1307e1da3c3768bbb5b135"},
    {file = "mypy-0.991-cp38-cp38-musllinux_1_1_x86_64.whl", hash = "sha256:652b651d42f155033a1967739788c436491b577b6a44e4c39fb340d0ee7f0d70"},
    {file = "mypy-0.991-cp38-cp38-win_amd64.whl", hash = "sha256:4175593dc25d9da12f7de8de873a33f9b2b8bdb4e827a7cae952e5b1a342e243"},
    {file = "mypy-0.991-cp39-cp39-macosx_10_9_universal2.whl", hash = "sha256:98e781cd35c0acf33eb0295e8b9c55cdbef64fcb35f6d3aa2186f289bed6e80d"},
    {file = "mypy-0.991-cp39-cp39-macosx_10_9_x86_64.whl", hash = "sha256:6d7464bac72a85cb3491c7e92b5b62f3dcccb8af26826257760a552a5e244aa5"},
    {file = "mypy-0.991-cp39-cp39-macosx_11_0_arm64.whl", hash = "sha256:c9166b3f81a10cdf9b49f2d594b21b31adadb3d5e9db9b834866c3258b695be3"},
    {file = "mypy-0.991-cp39-cp39-manylinux_2_17_x86_64.manylinux2014_x86_64.whl", hash = "sha256:b8472f736a5bfb159a5e36740847808f6f5b659960115ff29c7cecec1741c648"},
    {file = "mypy-0.991-cp39-cp39-musllinux_1_1_x86_64.whl", hash = "sha256:5e80e758243b97b618cdf22004beb09e8a2de1af481382e4d84bc52152d1c476"},
    {file = "mypy-0.991-cp39-cp39-win_amd64.whl", hash = "sha256:74e259b5c19f70d35fcc1ad3d56499065c601dfe94ff67ae48b85596b9ec1461"},
    {file = "mypy-0.991-py3-none-any.whl", hash = "sha256:de32edc9b0a7e67c2775e574cb061a537660e51210fbf6006b0b36ea695ae9bb"},
    {file = "mypy-0.991.tar.gz", hash = "sha256:3c0165ba8f354a6d9881809ef29f1a9318a236a6d81c690094c5df32107bde06"},
]
mypy-extensions = [
    {file = "mypy_extensions-0.4.3-py2.py3-none-any.whl", hash = "sha256:090fedd75945a69ae91ce1303b5824f428daf5a028d2f6ab8a299250a846f15d"},
    {file = "mypy_extensions-0.4.3.tar.gz", hash = "sha256:2d82818f5bb3e369420cb3c4060a7970edba416647068eb4c5343488a6c604a8"},
]
pycodestyle = [
    {file = "pycodestyle-2.10.0-py2.py3-none-any.whl", hash = "sha256:8a4eaf0d0495c7395bdab3589ac2db602797d76207242c17d470186815706610"},
    {file = "pycodestyle-2.10.0.tar.gz", hash = "sha256:347187bdb476329d98f695c213d7295a846d1152ff4fe9bacb8a9590b8ee7053"},
]
tomli = [
    {file = "tomli-2.0.1-py3-none-any.whl", hash = "sha256:939de3e7a6161af0c887ef91b7d41a53e7c5a1ca976325f429cb46ea9bc30ecc"},
    {file = "tomli-2.0.1.tar.gz", hash = "sha256:de526c12914f0c550d15924c62d72abc48d6fe7364aa87328337a31007fe8a4f"},
]
typing-extensions = [
    {file = "typing_extensions-4.4.0-py3-none-any.whl", hash = "sha256:16fa4864408f655d35ec496218b85f79b3437c829e93320c7c9215ccfd92489e"},
    {file = "typing_extensions-4.4.0.tar.gz", hash = "sha256:1511434bb92bf8dd198c12b1cc812e800d4181cfcb867674e0f8279cc93087aa"},
]
